// !$*UTF8*$!
{
	archiveVersion = 1;
	classes = {
	};
	objectVersion = 46;
	objects = {

/* Begin PBXBuildFile section */
		481AB3181A3763E700CC069E /* AddAlbumViewController.swift in Sources */ = {isa = PBXBuildFile; fileRef = 481AB3171A3763E700CC069E /* AddAlbumViewController.swift */; };
		481AB31A1A37686C00CC069E /* ArtistTableViewController.swift in Sources */ = {isa = PBXBuildFile; fileRef = 481AB3191A37686C00CC069E /* ArtistTableViewController.swift */; };
		481AB31C1A376A9500CC069E /* AlbumTableViewController.swift in Sources */ = {isa = PBXBuildFile; fileRef = 481AB31B1A376A9500CC069E /* AlbumTableViewController.swift */; };
		71F441471A3722E500C93352 /* AddArtistViewController.swift in Sources */ = {isa = PBXBuildFile; fileRef = 71F441461A3722E500C93352 /* AddArtistViewController.swift */; };
		D3EBC6291A2721AF0009E6BF /* AppDelegate.swift in Sources */ = {isa = PBXBuildFile; fileRef = D3EBC6281A2721AF0009E6BF /* AppDelegate.swift */; };
		D3EBC62C1A2721AF0009E6BF /* ArtistsAlbums.xcdatamodeld in Sources */ = {isa = PBXBuildFile; fileRef = D3EBC62A1A2721AF0009E6BF /* ArtistsAlbums.xcdatamodeld */; };
		D3EBC62E1A2721AF0009E6BF /* ViewController.swift in Sources */ = {isa = PBXBuildFile; fileRef = D3EBC62D1A2721AF0009E6BF /* ViewController.swift */; };
		D3EBC6311A2721AF0009E6BF /* Main.storyboard in Resources */ = {isa = PBXBuildFile; fileRef = D3EBC62F1A2721AF0009E6BF /* Main.storyboard */; };
		D3EBC6331A2721B00009E6BF /* Images.xcassets in Resources */ = {isa = PBXBuildFile; fileRef = D3EBC6321A2721B00009E6BF /* Images.xcassets */; };
		D3EBC6361A2721B00009E6BF /* LaunchScreen.xib in Resources */ = {isa = PBXBuildFile; fileRef = D3EBC6341A2721B00009E6BF /* LaunchScreen.xib */; };
		D3EBC6421A2721B00009E6BF /* ArtistsAlbumsTests.swift in Sources */ = {isa = PBXBuildFile; fileRef = D3EBC6411A2721B00009E6BF /* ArtistsAlbumsTests.swift */; };
/* End PBXBuildFile section */

/* Begin PBXContainerItemProxy section */
		D3EBC63C1A2721B00009E6BF /* PBXContainerItemProxy */ = {
			isa = PBXContainerItemProxy;
			containerPortal = D3EBC61B1A2721AF0009E6BF /* Project object */;
			proxyType = 1;
			remoteGlobalIDString = D3EBC6221A2721AF0009E6BF;
			remoteInfo = ArtistsAlbums;
		};
/* End PBXContainerItemProxy section */

/* Begin PBXFileReference section */
		481AB3171A3763E700CC069E /* AddAlbumViewController.swift */ = {isa = PBXFileReference; fileEncoding = 4; lastKnownFileType = sourcecode.swift; path = AddAlbumViewController.swift; sourceTree = "<group>"; };
		481AB3191A37686C00CC069E /* ArtistTableViewController.swift */ = {isa = PBXFileReference; fileEncoding = 4; lastKnownFileType = sourcecode.swift; path = ArtistTableViewController.swift; sourceTree = "<group>"; };
		481AB31B1A376A9500CC069E /* AlbumTableViewController.swift */ = {isa = PBXFileReference; fileEncoding = 4; lastKnownFileType = sourcecode.swift; path = AlbumTableViewController.swift; sourceTree = "<group>"; };
		71F441461A3722E500C93352 /* AddArtistViewController.swift */ = {isa = PBXFileReference; fileEncoding = 4; lastKnownFileType = sourcecode.swift; path = AddArtistViewController.swift; sourceTree = "<group>"; };
		D3EBC6231A2721AF0009E6BF /* ArtistsAlbums.app */ = {isa = PBXFileReference; explicitFileType = wrapper.application; includeInIndex = 0; path = ArtistsAlbums.app; sourceTree = BUILT_PRODUCTS_DIR; };
		D3EBC6271A2721AF0009E6BF /* Info.plist */ = {isa = PBXFileReference; lastKnownFileType = text.plist.xml; path = Info.plist; sourceTree = "<group>"; };
		D3EBC6281A2721AF0009E6BF /* AppDelegate.swift */ = {isa = PBXFileReference; lastKnownFileType = sourcecode.swift; path = AppDelegate.swift; sourceTree = "<group>"; };
		D3EBC62B1A2721AF0009E6BF /* ArtistsAlbums.xcdatamodel */ = {isa = PBXFileReference; lastKnownFileType = wrapper.xcdatamodel; path = ArtistsAlbums.xcdatamodel; sourceTree = "<group>"; };
		D3EBC62D1A2721AF0009E6BF /* ViewController.swift */ = {isa = PBXFileReference; lastKnownFileType = sourcecode.swift; path = ViewController.swift; sourceTree = "<group>"; };
		D3EBC6301A2721AF0009E6BF /* Base */ = {isa = PBXFileReference; lastKnownFileType = file.storyboard; name = Base; path = Base.lproj/Main.storyboard; sourceTree = "<group>"; };
		D3EBC6321A2721B00009E6BF /* Images.xcassets */ = {isa = PBXFileReference; lastKnownFileType = folder.assetcatalog; path = Images.xcassets; sourceTree = "<group>"; };
		D3EBC6351A2721B00009E6BF /* Base */ = {isa = PBXFileReference; lastKnownFileType = file.xib; name = Base; path = Base.lproj/LaunchScreen.xib; sourceTree = "<group>"; };
		D3EBC63B1A2721B00009E6BF /* ArtistsAlbumsTests.xctest */ = {isa = PBXFileReference; explicitFileType = wrapper.cfbundle; includeInIndex = 0; path = ArtistsAlbumsTests.xctest; sourceTree = BUILT_PRODUCTS_DIR; };
		D3EBC6401A2721B00009E6BF /* Info.plist */ = {isa = PBXFileReference; lastKnownFileType = text.plist.xml; path = Info.plist; sourceTree = "<group>"; };
		D3EBC6411A2721B00009E6BF /* ArtistsAlbumsTests.swift */ = {isa = PBXFileReference; lastKnownFileType = sourcecode.swift; path = ArtistsAlbumsTests.swift; sourceTree = "<group>"; };
/* End PBXFileReference section */

/* Begin PBXFrameworksBuildPhase section */
		D3EBC6201A2721AF0009E6BF /* Frameworks */ = {
			isa = PBXFrameworksBuildPhase;
			buildActionMask = 2147483647;
			files = (
			);
			runOnlyForDeploymentPostprocessing = 0;
		};
		D3EBC6381A2721B00009E6BF /* Frameworks */ = {
			isa = PBXFrameworksBuildPhase;
			buildActionMask = 2147483647;
			files = (
			);
			runOnlyForDeploymentPostprocessing = 0;
		};
/* End PBXFrameworksBuildPhase section */

/* Begin PBXGroup section */
		D3EBC61A1A2721AF0009E6BF = {
			isa = PBXGroup;
			children = (
				D3EBC6251A2721AF0009E6BF /* ArtistsAlbums */,
				D3EBC63E1A2721B00009E6BF /* ArtistsAlbumsTests */,
				D3EBC6241A2721AF0009E6BF /* Products */,
			);
			sourceTree = "<group>";
		};
		D3EBC6241A2721AF0009E6BF /* Products */ = {
			isa = PBXGroup;
			children = (
				D3EBC6231A2721AF0009E6BF /* ArtistsAlbums.app */,
				D3EBC63B1A2721B00009E6BF /* ArtistsAlbumsTests.xctest */,
			);
			name = Products;
			sourceTree = "<group>";
		};
		D3EBC6251A2721AF0009E6BF /* ArtistsAlbums */ = {
			isa = PBXGroup;
			children = (
				481AB3171A3763E700CC069E /* AddAlbumViewController.swift */,
				481AB31B1A376A9500CC069E /* AlbumTableViewController.swift */,
				71F441461A3722E500C93352 /* AddArtistViewController.swift */,
				481AB3191A37686C00CC069E /* ArtistTableViewController.swift */,
				D3EBC6281A2721AF0009E6BF /* AppDelegate.swift */,
				D3EBC62D1A2721AF0009E6BF /* ViewController.swift */,
				D3EBC62F1A2721AF0009E6BF /* Main.storyboard */,
				D3EBC6321A2721B00009E6BF /* Images.xcassets */,
				D3EBC6341A2721B00009E6BF /* LaunchScreen.xib */,
				D3EBC62A1A2721AF0009E6BF /* ArtistsAlbums.xcdatamodeld */,
				D3EBC6261A2721AF0009E6BF /* Supporting Files */,
			);
			path = ArtistsAlbums;
			sourceTree = "<group>";
		};
		D3EBC6261A2721AF0009E6BF /* Supporting Files */ = {
			isa = PBXGroup;
			children = (
				D3EBC6271A2721AF0009E6BF /* Info.plist */,
			);
			name = "Supporting Files";
			sourceTree = "<group>";
		};
		D3EBC63E1A2721B00009E6BF /* ArtistsAlbumsTests */ = {
			isa = PBXGroup;
			children = (
				D3EBC6411A2721B00009E6BF /* ArtistsAlbumsTests.swift */,
				D3EBC63F1A2721B00009E6BF /* Supporting Files */,
			);
			path = ArtistsAlbumsTests;
			sourceTree = "<group>";
		};
		D3EBC63F1A2721B00009E6BF /* Supporting Files */ = {
			isa = PBXGroup;
			children = (
				D3EBC6401A2721B00009E6BF /* Info.plist */,
			);
			name = "Supporting Files";
			sourceTree = "<group>";
		};
/* End PBXGroup section */

/* Begin PBXNativeTarget section */
		D3EBC6221A2721AF0009E6BF /* ArtistsAlbums */ = {
			isa = PBXNativeTarget;
			buildConfigurationList = D3EBC6451A2721B00009E6BF /* Build configuration list for PBXNativeTarget "ArtistsAlbums" */;
			buildPhases = (
				D3EBC61F1A2721AF0009E6BF /* Sources */,
				D3EBC6201A2721AF0009E6BF /* Frameworks */,
				D3EBC6211A2721AF0009E6BF /* Resources */,
			);
			buildRules = (
			);
			dependencies = (
			);
			name = ArtistsAlbums;
			productName = ArtistsAlbums;
			productReference = D3EBC6231A2721AF0009E6BF /* ArtistsAlbums.app */;
			productType = "com.apple.product-type.application";
		};
		D3EBC63A1A2721B00009E6BF /* ArtistsAlbumsTests */ = {
			isa = PBXNativeTarget;
			buildConfigurationList = D3EBC6481A2721B00009E6BF /* Build configuration list for PBXNativeTarget "ArtistsAlbumsTests" */;
			buildPhases = (
				D3EBC6371A2721B00009E6BF /* Sources */,
				D3EBC6381A2721B00009E6BF /* Frameworks */,
				D3EBC6391A2721B00009E6BF /* Resources */,
			);
			buildRules = (
			);
			dependencies = (
				D3EBC63D1A2721B00009E6BF /* PBXTargetDependency */,
			);
			name = ArtistsAlbumsTests;
			productName = ArtistsAlbumsTests;
			productReference = D3EBC63B1A2721B00009E6BF /* ArtistsAlbumsTests.xctest */;
			productType = "com.apple.product-type.bundle.unit-test";
		};
/* End PBXNativeTarget section */

/* Begin PBXProject section */
		D3EBC61B1A2721AF0009E6BF /* Project object */ = {
			isa = PBXProject;
			attributes = {
				LastUpgradeCheck = 0610;
				ORGANIZATIONNAME = "Alexander Grafl";
				TargetAttributes = {
					D3EBC6221A2721AF0009E6BF = {
						CreatedOnToolsVersion = 6.1;
					};
					D3EBC63A1A2721B00009E6BF = {
						CreatedOnToolsVersion = 6.1;
						TestTargetID = D3EBC6221A2721AF0009E6BF;
					};
				};
			};
			buildConfigurationList = D3EBC61E1A2721AF0009E6BF /* Build configuration list for PBXProject "ArtistsAlbums" */;
			compatibilityVersion = "Xcode 3.2";
			developmentRegion = English;
			hasScannedForEncodings = 0;
			knownRegions = (
				en,
				Base,
			);
			mainGroup = D3EBC61A1A2721AF0009E6BF;
			productRefGroup = D3EBC6241A2721AF0009E6BF /* Products */;
			projectDirPath = "";
			projectRoot = "";
			targets = (
				D3EBC6221A2721AF0009E6BF /* ArtistsAlbums */,
				D3EBC63A1A2721B00009E6BF /* ArtistsAlbumsTests */,
			);
		};
/* End PBXProject section */

/* Begin PBXResourcesBuildPhase section */
		D3EBC6211A2721AF0009E6BF /* Resources */ = {
			isa = PBXResourcesBuildPhase;
			buildActionMask = 2147483647;
			files = (
				D3EBC6311A2721AF0009E6BF /* Main.storyboard in Resources */,
				D3EBC6361A2721B00009E6BF /* LaunchScreen.xib in Resources */,
				D3EBC6331A2721B00009E6BF /* Images.xcassets in Resources */,
			);
			runOnlyForDeploymentPostprocessing = 0;
		};
		D3EBC6391A2721B00009E6BF /* Resources */ = {
			isa = PBXResourcesBuildPhase;
			buildActionMask = 2147483647;
			files = (
			);
			runOnlyForDeploymentPostprocessing = 0;
		};
/* End PBXResourcesBuildPhase section */

/* Begin PBXSourcesBuildPhase section */
		D3EBC61F1A2721AF0009E6BF /* Sources */ = {
			isa = PBXSourcesBuildPhase;
			buildActionMask = 2147483647;
			files = (
				481AB3181A3763E700CC069E /* AddAlbumViewController.swift in Sources */,
				D3EBC62E1A2721AF0009E6BF /* ViewController.swift in Sources */,
				D3EBC62C1A2721AF0009E6BF /* ArtistsAlbums.xcdatamodeld in Sources */,
				481AB31A1A37686C00CC069E /* ArtistTableViewController.swift in Sources */,
				D3EBC6291A2721AF0009E6BF /* AppDelegate.swift in Sources */,
				71F441471A3722E500C93352 /* AddArtistViewController.swift in Sources */,
				481AB31C1A376A9500CC069E /* AlbumTableViewController.swift in Sources */,
			);
			runOnlyForDeploymentPostprocessing = 0;
		};
		D3EBC6371A2721B00009E6BF /* Sources */ = {
			isa = PBXSourcesBuildPhase;
			buildActionMask = 2147483647;
			files = (
				D3EBC6421A2721B00009E6BF /* ArtistsAlbumsTests.swift in Sources */,
			);
			runOnlyForDeploymentPostprocessing = 0;
		};
/* End PBXSourcesBuildPhase section */

/* Begin PBXTargetDependency section */
		D3EBC63D1A2721B00009E6BF /* PBXTargetDependency */ = {
			isa = PBXTargetDependency;
			target = D3EBC6221A2721AF0009E6BF /* ArtistsAlbums */;
			targetProxy = D3EBC63C1A2721B00009E6BF /* PBXContainerItemProxy */;
		};
/* End PBXTargetDependency section */

/* Begin PBXVariantGroup section */
		D3EBC62F1A2721AF0009E6BF /* Main.storyboard */ = {
			isa = PBXVariantGroup;
			children = (
				D3EBC6301A2721AF0009E6BF /* Base */,
			);
			name = Main.storyboard;
			sourceTree = "<group>";
		};
		D3EBC6341A2721B00009E6BF /* LaunchScreen.xib */ = {
			isa = PBXVariantGroup;
			children = (
				D3EBC6351A2721B00009E6BF /* Base */,
			);
			name = LaunchScreen.xib;
			sourceTree = "<group>";
		};
/* End PBXVariantGroup section */

/* Begin XCBuildConfiguration section */
		D3EBC6431A2721B00009E6BF /* Debug */ = {
			isa = XCBuildConfiguration;
			buildSettings = {
				ALWAYS_SEARCH_USER_PATHS = NO;
				CLANG_CXX_LANGUAGE_STANDARD = "gnu++0x";
				CLANG_CXX_LIBRARY = "libc++";
				CLANG_ENABLE_MODULES = YES;
				CLANG_ENABLE_OBJC_ARC = YES;
				CLANG_WARN_BOOL_CONVERSION = YES;
				CLANG_WARN_CONSTANT_CONVERSION = YES;
				CLANG_WARN_DIRECT_OBJC_ISA_USAGE = YES_ERROR;
				CLANG_WARN_EMPTY_BODY = YES;
				CLANG_WARN_ENUM_CONVERSION = YES;
				CLANG_WARN_INT_CONVERSION = YES;
				CLANG_WARN_OBJC_ROOT_CLASS = YES_ERROR;
				CLANG_WARN_UNREACHABLE_CODE = YES;
				CLANG_WARN__DUPLICATE_METHOD_MATCH = YES;
				"CODE_SIGN_IDENTITY[sdk=iphoneos*]" = "iPhone Developer";
				COPY_PHASE_STRIP = NO;
				ENABLE_STRICT_OBJC_MSGSEND = YES;
				GCC_C_LANGUAGE_STANDARD = gnu99;
				GCC_DYNAMIC_NO_PIC = NO;
				GCC_OPTIMIZATION_LEVEL = 0;
				GCC_PREPROCESSOR_DEFINITIONS = (
					"DEBUG=1",
					"$(inherited)",
				);
				GCC_SYMBOLS_PRIVATE_EXTERN = NO;
				GCC_WARN_64_TO_32_BIT_CONVERSION = YES;
				GCC_WARN_ABOUT_RETURN_TYPE = YES_ERROR;
				GCC_WARN_UNDECLARED_SELECTOR = YES;
				GCC_WARN_UNINITIALIZED_AUTOS = YES_AGGRESSIVE;
				GCC_WARN_UNUSED_FUNCTION = YES;
				GCC_WARN_UNUSED_VARIABLE = YES;
				IPHONEOS_DEPLOYMENT_TARGET = 8.1;
				MTL_ENABLE_DEBUG_INFO = YES;
				ONLY_ACTIVE_ARCH = YES;
				SDKROOT = iphoneos;
				SWIFT_OPTIMIZATION_LEVEL = "-Onone";
				TARGETED_DEVICE_FAMILY = "1,2";
			};
			name = Debug;
		};
		D3EBC6441A2721B00009E6BF /* Release */ = {
			isa = XCBuildConfiguration;
			buildSettings = {
				ALWAYS_SEARCH_USER_PATHS = NO;
				CLANG_CXX_LANGUAGE_STANDARD = "gnu++0x";
				CLANG_CXX_LIBRARY = "libc++";
				CLANG_ENABLE_MODULES = YES;
				CLANG_ENABLE_OBJC_ARC = YES;
				CLANG_WARN_BOOL_CONVERSION = YES;
				CLANG_WARN_CONSTANT_CONVERSION = YES;
				CLANG_WARN_DIRECT_OBJC_ISA_USAGE = YES_ERROR;
				CLANG_WARN_EMPTY_BODY = YES;
				CLANG_WARN_ENUM_CONVERSION = YES;
				CLANG_WARN_INT_CONVERSION = YES;
				CLANG_WARN_OBJC_ROOT_CLASS = YES_ERROR;
				CLANG_WARN_UNREACHABLE_CODE = YES;
				CLANG_WARN__DUPLICATE_METHOD_MATCH = YES;
				"CODE_SIGN_IDENTITY[sdk=iphoneos*]" = "iPhone Developer";
				COPY_PHASE_STRIP = YES;
				ENABLE_NS_ASSERTIONS = NO;
				ENABLE_STRICT_OBJC_MSGSEND = YES;
				GCC_C_LANGUAGE_STANDARD = gnu99;
				GCC_WARN_64_TO_32_BIT_CONVERSION = YES;
				GCC_WARN_ABOUT_RETURN_TYPE = YES_ERROR;
				GCC_WARN_UNDECLARED_SELECTOR = YES;
				GCC_WARN_UNINITIALIZED_AUTOS = YES_AGGRESSIVE;
				GCC_WARN_UNUSED_FUNCTION = YES;
				GCC_WARN_UNUSED_VARIABLE = YES;
				IPHONEOS_DEPLOYMENT_TARGET = 8.1;
				MTL_ENABLE_DEBUG_INFO = NO;
				SDKROOT = iphoneos;
				TARGETED_DEVICE_FAMILY = "1,2";
				VALIDATE_PRODUCT = YES;
			};
			name = Release;
		};
		D3EBC6461A2721B00009E6BF /* Debug */ = {
			isa = XCBuildConfiguration;
			buildSettings = {
				ASSETCATALOG_COMPILER_APPICON_NAME = AppIcon;
				CODE_SIGN_IDENTITY = "iPhone Developer";
				INFOPLIST_FILE = ArtistsAlbums/Info.plist;
				LD_RUNPATH_SEARCH_PATHS = "$(inherited) @executable_path/Frameworks";
				PRODUCT_NAME = "$(TARGET_NAME)";
			};
			name = Debug;
		};
		D3EBC6471A2721B00009E6BF /* Release */ = {
			isa = XCBuildConfiguration;
			buildSettings = {
				ASSETCATALOG_COMPILER_APPICON_NAME = AppIcon;
				CODE_SIGN_IDENTITY = "iPhone Developer";
				INFOPLIST_FILE = ArtistsAlbums/Info.plist;
				LD_RUNPATH_SEARCH_PATHS = "$(inherited) @executable_path/Frameworks";
				PRODUCT_NAME = "$(TARGET_NAME)";
			};
			name = Release;
		};
		D3EBC6491A2721B00009E6BF /* Debug */ = {
			isa = XCBuildConfiguration;
			buildSettings = {
				BUNDLE_LOADER = "$(TEST_HOST)";
				FRAMEWORK_SEARCH_PATHS = (
					"$(SDKROOT)/Developer/Library/Frameworks",
					"$(inherited)",
				);
				GCC_PREPROCESSOR_DEFINITIONS = (
					"DEBUG=1",
					"$(inherited)",
				);
				INFOPLIST_FILE = ArtistsAlbumsTests/Info.plist;
				LD_RUNPATH_SEARCH_PATHS = "$(inherited) @executable_path/Frameworks @loader_path/Frameworks";
				PRODUCT_NAME = "$(TARGET_NAME)";
				TEST_HOST = "$(BUILT_PRODUCTS_DIR)/ArtistsAlbums.app/ArtistsAlbums";
			};
			name = Debug;
		};
		D3EBC64A1A2721B00009E6BF /* Release */ = {
			isa = XCBuildConfiguration;
			buildSettings = {
				BUNDLE_LOADER = "$(TEST_HOST)";
				FRAMEWORK_SEARCH_PATHS = (
					"$(SDKROOT)/Developer/Library/Frameworks",
					"$(inherited)",
				);
				INFOPLIST_FILE = ArtistsAlbumsTests/Info.plist;
				LD_RUNPATH_SEARCH_PATHS = "$(inherited) @executable_path/Frameworks @loader_path/Frameworks";
				PRODUCT_NAME = "$(TARGET_NAME)";
				TEST_HOST = "$(BUILT_PRODUCTS_DIR)/ArtistsAlbums.app/ArtistsAlbums";
			};
			name = Release;
		};
/* End XCBuildConfiguration section */

/* Begin XCConfigurationList section */
		D3EBC61E1A2721AF0009E6BF /* Build configuration list for PBXProject "ArtistsAlbums" */ = {
			isa = XCConfigurationList;
			buildConfigurations = (
				D3EBC6431A2721B00009E6BF /* Debug */,
				D3EBC6441A2721B00009E6BF /* Release */,
			);
			defaultConfigurationIsVisible = 0;
			defaultConfigurationName = Release;
		};
		D3EBC6451A2721B00009E6BF /* Build configuration list for PBXNativeTarget "ArtistsAlbums" */ = {
			isa = XCConfigurationList;
			buildConfigurations = (
				D3EBC6461A2721B00009E6BF /* Debug */,
				D3EBC6471A2721B00009E6BF /* Release */,
			);
			defaultConfigurationIsVisible = 0;
			defaultConfigurationName = Release;
		};
		D3EBC6481A2721B00009E6BF /* Build configuration list for PBXNativeTarget "ArtistsAlbumsTests" */ = {
			isa = XCConfigurationList;
			buildConfigurations = (
				D3EBC6491A2721B00009E6BF /* Debug */,
				D3EBC64A1A2721B00009E6BF /* Release */,
			);
			defaultConfigurationIsVisible = 0;
			defaultConfigurationName = Release;
		};
/* End XCConfigurationList section */

/* Begin XCVersionGroup section */
		D3EBC62A1A2721AF0009E6BF /* ArtistsAlbums.xcdatamodeld */ = {
			isa = XCVersionGroup;
			children = (
				D3EBC62B1A2721AF0009E6BF /* ArtistsAlbums.xcdatamodel */,
			);
			currentVersion = D3EBC62B1A2721AF0009E6BF /* ArtistsAlbums.xcdatamodel */;
			path = ArtistsAlbums.xcdatamodeld;
			sourceTree = "<group>";
			versionGroupType = wrapper.xcdatamodel;
		};
/* End XCVersionGroup section */
	};
	rootObject = D3EBC61B1A2721AF0009E6BF /* Project object */;
}
